// !$*UTF8*$!
{
	archiveVersion = 1;
	classes = {
	};
	objectVersion = 77;
	objects = {

/* Begin PBXBuildFile section */
		4AA0118B2F1DE95E00996A27 /* toolkit_console.c in Sources */ = {isa = PBXBuildFile; fileRef = 4A93B6D82F1DB87C002C16ED /* toolkit_console.c */; };
		4AA0118C2F1DE95E00996A27 /* toolkit_io.c in Sources */ = {isa = PBXBuildFile; fileRef = 4A93B6D92F1DB87C002C16ED /* toolkit_io.c */; };
		4AA0118D2F1DE95E00996A27 /* toolkit_math.c in Sources */ = {isa = PBXBuildFile; fileRef = 4A93B6DA2F1DB87C002C16ED /* toolkit_math.c */; };
		4AA0118E2F1DE95E00996A27 /* toolkit_memory.c in Sources */ = {isa = PBXBuildFile; fileRef = 4A93B6DB2F1DB87C002C16ED /* toolkit_memory.c */; };
		4AA0118F2F1DE95E00996A27 /* toolkit_vect.c in Sources */ = {isa = PBXBuildFile; fileRef = 4A93B6DC2F1DB87C002C16ED /* toolkit_vect.c */; };
/* End PBXBuildFile section */

/* Begin PBXCopyFilesBuildPhase section */
		4A93B6CA2F1DB815002C16ED /* CopyFiles */ = {
			isa = PBXCopyFilesBuildPhase;
			buildActionMask = 2147483647;
			dstPath = /usr/share/man/man1/;
			dstSubfolderSpec = 0;
			files = (
			);
			runOnlyForDeploymentPostprocessing = 1;
		};
/* End PBXCopyFilesBuildPhase section */

/* Begin PBXFileReference section */
		4A93B6CC2F1DB815002C16ED /* simplecommand */ = {isa = PBXFileReference; explicitFileType = "compiled.mach-o.executable"; includeInIndex = 0; path = simplecommand; sourceTree = BUILT_PRODUCTS_DIR; };
		4A93B6D72F1DB87C002C16ED /* toolkit.h */ = {isa = PBXFileReference; lastKnownFileType = sourcecode.c.h; name = toolkit.h; path = ../commandline/commandline/toolkit.h; sourceTree = SOURCE_ROOT; };
		4A93B6D82F1DB87C002C16ED /* toolkit_console.c */ = {isa = PBXFileReference; lastKnownFileType = sourcecode.c.c; name = toolkit_console.c; path = ../commandline/commandline/toolkit_console.c; sourceTree = SOURCE_ROOT; };
		4A93B6D92F1DB87C002C16ED /* toolkit_io.c */ = {isa = PBXFileReference; lastKnownFileType = sourcecode.c.c; name = toolkit_io.c; path = ../commandline/commandline/toolkit_io.c; sourceTree = SOURCE_ROOT; };
		4A93B6DA2F1DB87C002C16ED /* toolkit_math.c */ = {isa = PBXFileReference; lastKnownFileType = sourcecode.c.c; name = toolkit_math.c; path = ../commandline/commandline/toolkit_math.c; sourceTree = SOURCE_ROOT; };
		4A93B6DB2F1DB87C002C16ED /* toolkit_memory.c */ = {isa = PBXFileReference; lastKnownFileType = sourcecode.c.c; name = toolkit_memory.c; path = ../commandline/commandline/toolkit_memory.c; sourceTree = SOURCE_ROOT; };
		4A93B6DC2F1DB87C002C16ED /* toolkit_vect.c */ = {isa = PBXFileReference; lastKnownFileType = sourcecode.c.c; name = toolkit_vect.c; path = ../commandline/commandline/toolkit_vect.c; sourceTree = SOURCE_ROOT; };
/* End PBXFileReference section */

/* Begin PBXFileSystemSynchronizedRootGroup section */
		4A93B6CE2F1DB815002C16ED /* simplecommand */ = {
			isa = PBXFileSystemSynchronizedRootGroup;
			path = simplecommand;
			sourceTree = "<group>";
		};
/* End PBXFileSystemSynchronizedRootGroup section */

/* Begin PBXFrameworksBuildPhase section */
		4A93B6C92F1DB815002C16ED /* Frameworks */ = {
			isa = PBXFrameworksBuildPhase;
			buildActionMask = 2147483647;
			files = (
			);
			runOnlyForDeploymentPostprocessing = 0;
		};
/* End PBXFrameworksBuildPhase section */

/* Begin PBXGroup section */
		4A93B6C32F1DB815002C16ED = {
			isa = PBXGroup;
			children = (
				4A93B6CE2F1DB815002C16ED /* simplecommand */,
				4A93B6D62F1DB82C002C16ED /* toolkitsource */,
				4A93B6CD2F1DB815002C16ED /* Products */,
			);
			sourceTree = "<group>";
		};
		4A93B6CD2F1DB815002C16ED /* Products */ = {
			isa = PBXGroup;
			children = (
				4A93B6CC2F1DB815002C16ED /* simplecommand */,
			);
			name = Products;
			sourceTree = "<group>";
		};
		4A93B6D62F1DB82C002C16ED /* toolkitsource */ = {
			isa = PBXGroup;
			children = (
				4A93B6D72F1DB87C002C16ED /* toolkit.h */,
				4A93B6D82F1DB87C002C16ED /* toolkit_console.c */,
				4A93B6D92F1DB87C002C16ED /* toolkit_io.c */,
				4A93B6DA2F1DB87C002C16ED /* toolkit_math.c */,
				4A93B6DB2F1DB87C002C16ED /* toolkit_memory.c */,
				4A93B6DC2F1DB87C002C16ED /* toolkit_vect.c */,
			);
			path = toolkitsource;
			sourceTree = "<group>";
		};
/* End PBXGroup section */

/* Begin PBXNativeTarget section */
		4A93B6CB2F1DB815002C16ED /* simplecommand */ = {
			isa = PBXNativeTarget;
			buildConfigurationList = 4A93B6D32F1DB815002C16ED /* Build configuration list for PBXNativeTarget "simplecommand" */;
			buildPhases = (
				4A93B6C82F1DB815002C16ED /* Sources */,
				4A93B6C92F1DB815002C16ED /* Frameworks */,
				4A93B6CA2F1DB815002C16ED /* CopyFiles */,
			);
			buildRules = (
			);
			dependencies = (
			);
			fileSystemSynchronizedGroups = (
				4A93B6CE2F1DB815002C16ED /* simplecommand */,
			);
			name = simplecommand;
			packageProductDependencies = (
			);
			productName = simplecommand;
			productReference = 4A93B6CC2F1DB815002C16ED /* simplecommand */;
			productType = "com.apple.product-type.tool";
		};
/* End PBXNativeTarget section */

/* Begin PBXProject section */
		4A93B6C42F1DB815002C16ED /* Project object */ = {
			isa = PBXProject;
			attributes = {
				BuildIndependentTargetsInParallel = 1;
				LastUpgradeCheck = 2620;
				TargetAttributes = {
					4A93B6CB2F1DB815002C16ED = {
						CreatedOnToolsVersion = 26.2;
					};
				};
			};
			buildConfigurationList = 4A93B6C72F1DB815002C16ED /* Build configuration list for PBXProject "simplecommand" */;
			developmentRegion = en;
			hasScannedForEncodings = 0;
			knownRegions = (
				en,
				Base,
			);
			mainGroup = 4A93B6C32F1DB815002C16ED;
			minimizedProjectReferenceProxies = 1;
			preferredProjectObjectVersion = 77;
			productRefGroup = 4A93B6CD2F1DB815002C16ED /* Products */;
			projectDirPath = "";
			projectRoot = "";
			targets = (
				4A93B6CB2F1DB815002C16ED /* simplecommand */,
			);
		};
/* End PBXProject section */

/* Begin PBXSourcesBuildPhase section */
		4A93B6C82F1DB815002C16ED /* Sources */ = {
			isa = PBXSourcesBuildPhase;
			buildActionMask = 2147483647;
			files = (
				4AA0118B2F1DE95E00996A27 /* toolkit_console.c in Sources */,
				4AA0118C2F1DE95E00996A27 /* toolkit_io.c in Sources */,
				4AA0118D2F1DE95E00996A27 /* toolkit_math.c in Sources */,
				4AA0118E2F1DE95E00996A27 /* toolkit_memory.c in Sources */,
				4AA0118F2F1DE95E00996A27 /* toolkit_vect.c in Sources */,
			);
			runOnlyForDeploymentPostprocessing = 0;
		};
/* End PBXSourcesBuildPhase section */

/* Begin XCBuildConfiguration section */
		4A93B6D12F1DB815002C16ED /* Debug */ = {
			isa = XCBuildConfiguration;
			buildSettings = {
				ALWAYS_SEARCH_USER_PATHS = NO;
				ASSETCATALOG_COMPILER_GENERATE_SWIFT_ASSET_SYMBOL_EXTENSIONS = YES;
				CLANG_ANALYZER_NONNULL = YES;
				CLANG_ANALYZER_NUMBER_OBJECT_CONVERSION = YES_AGGRESSIVE;
				CLANG_CXX_LANGUAGE_STANDARD = "gnu++20";
				CLANG_ENABLE_MODULES = YES;
				CLANG_ENABLE_OBJC_ARC = YES;
				CLANG_ENABLE_OBJC_WEAK = YES;
				CLANG_WARN_BLOCK_CAPTURE_AUTORELEASING = YES;
				CLANG_WARN_BOOL_CONVERSION = YES;
				CLANG_WARN_COMMA = YES;
				CLANG_WARN_CONSTANT_CONVERSION = YES;
				CLANG_WARN_DEPRECATED_OBJC_IMPLEMENTATIONS = YES;
				CLANG_WARN_DIRECT_OBJC_ISA_USAGE = YES_ERROR;
				CLANG_WARN_DOCUMENTATION_COMMENTS = YES;
				CLANG_WARN_EMPTY_BODY = YES;
				CLANG_WARN_ENUM_CONVERSION = YES;
				CLANG_WARN_INFINITE_RECURSION = YES;
				CLANG_WARN_INT_CONVERSION = YES;
				CLANG_WARN_NON_LITERAL_NULL_CONVERSION = YES;
				CLANG_WARN_OBJC_IMPLICIT_RETAIN_SELF = YES;
				CLANG_WARN_OBJC_LITERAL_CONVERSION = YES;
				CLANG_WARN_OBJC_ROOT_CLASS = YES_ERROR;
				CLANG_WARN_QUOTED_INCLUDE_IN_FRAMEWORK_HEADER = YES;
				CLANG_WARN_RANGE_LOOP_ANALYSIS = YES;
				CLANG_WARN_STRICT_PROTOTYPES = YES;
				CLANG_WARN_SUSPICIOUS_MOVE = YES;
				CLANG_WARN_UNGUARDED_AVAILABILITY = YES_AGGRESSIVE;
				CLANG_WARN_UNREACHABLE_CODE = YES;
				CLANG_WARN__DUPLICATE_METHOD_MATCH = YES;
				COPY_PHASE_STRIP = NO;
				DEBUG_INFORMATION_FORMAT = dwarf;
				ENABLE_STRICT_OBJC_MSGSEND = YES;
				ENABLE_TESTABILITY = YES;
				ENABLE_USER_SCRIPT_SANDBOXING = YES;
				GCC_C_LANGUAGE_STANDARD = gnu17;
				GCC_DYNAMIC_NO_PIC = NO;
				GCC_NO_COMMON_BLOCKS = YES;
				GCC_OPTIMIZATION_LEVEL = 0;
				GCC_PREPROCESSOR_DEFINITIONS = (
					"DEBUG=1",
					"$(inherited)",
				);
				GCC_WARN_64_TO_32_BIT_CONVERSION = YES;
				GCC_WARN_ABOUT_RETURN_TYPE = YES_ERROR;
				GCC_WARN_UNDECLARED_SELECTOR = YES;
				GCC_WARN_UNINITIALIZED_AUTOS = YES_AGGRESSIVE;
				GCC_WARN_UNUSED_FUNCTION = YES;
				GCC_WARN_UNUSED_VARIABLE = YES;
				LOCALIZATION_PREFERS_STRING_CATALOGS = YES;
				MACOSX_DEPLOYMENT_TARGET = 26.2;
				MTL_ENABLE_DEBUG_INFO = INCLUDE_SOURCE;
				MTL_FAST_MATH = YES;
				ONLY_ACTIVE_ARCH = YES;
				SDKROOT = macosx;
			};
			name = Debug;
		};
		4A93B6D22F1DB815002C16ED /* Release */ = {
			isa = XCBuildConfiguration;
			buildSettings = {
				ALWAYS_SEARCH_USER_PATHS = NO;
				ASSETCATALOG_COMPILER_GENERATE_SWIFT_ASSET_SYMBOL_EXTENSIONS = YES;
				CLANG_ANALYZER_NONNULL = YES;
				CLANG_ANALYZER_NUMBER_OBJECT_CONVERSION = YES_AGGRESSIVE;
				CLANG_CXX_LANGUAGE_STANDARD = "gnu++20";
				CLANG_ENABLE_MODULES = YES;
				CLANG_ENABLE_OBJC_ARC = YES;
				CLANG_ENABLE_OBJC_WEAK = YES;
				CLANG_WARN_BLOCK_CAPTURE_AUTORELEASING = YES;
				CLANG_WARN_BOOL_CONVERSION = YES;
				CLANG_WARN_COMMA = YES;
				CLANG_WARN_CONSTANT_CONVERSION = YES;
				CLANG_WARN_DEPRECATED_OBJC_IMPLEMENTATIONS = YES;
				CLANG_WARN_DIRECT_OBJC_ISA_USAGE = YES_ERROR;
				CLANG_WARN_DOCUMENTATION_COMMENTS = YES;
				CLANG_WARN_EMPTY_BODY = YES;
				CLANG_WARN_ENUM_CONVERSION = YES;
				CLANG_WARN_INFINITE_RECURSION = YES;
				CLANG_WARN_INT_CONVERSION = YES;
				CLANG_WARN_NON_LITERAL_NULL_CONVERSION = YES;
				CLANG_WARN_OBJC_IMPLICIT_RETAIN_SELF = YES;
				CLANG_WARN_OBJC_LITERAL_CONVERSION = YES;
				CLANG_WARN_OBJC_ROOT_CLASS = YES_ERROR;
				CLANG_WARN_QUOTED_INCLUDE_IN_FRAMEWORK_HEADER = YES;
				CLANG_WARN_RANGE_LOOP_ANALYSIS = YES;
				CLANG_WARN_STRICT_PROTOTYPES = YES;
				CLANG_WARN_SUSPICIOUS_MOVE = YES;
				CLANG_WARN_UNGUARDED_AVAILABILITY = YES_AGGRESSIVE;
				CLANG_WARN_UNREACHABLE_CODE = YES;
				CLANG_WARN__DUPLICATE_METHOD_MATCH = YES;
				COPY_PHASE_STRIP = NO;
				DEBUG_INFORMATION_FORMAT = "dwarf-with-dsym";
				ENABLE_NS_ASSERTIONS = NO;
				ENABLE_STRICT_OBJC_MSGSEND = YES;
				ENABLE_USER_SCRIPT_SANDBOXING = YES;
				GCC_C_LANGUAGE_STANDARD = gnu17;
				GCC_NO_COMMON_BLOCKS = YES;
				GCC_WARN_64_TO_32_BIT_CONVERSION = YES;
				GCC_WARN_ABOUT_RETURN_TYPE = YES_ERROR;
				GCC_WARN_UNDECLARED_SELECTOR = YES;
				GCC_WARN_UNINITIALIZED_AUTOS = YES_AGGRESSIVE;
				GCC_WARN_UNUSED_FUNCTION = YES;
				GCC_WARN_UNUSED_VARIABLE = YES;
				LOCALIZATION_PREFERS_STRING_CATALOGS = YES;
				MACOSX_DEPLOYMENT_TARGET = 26.2;
				MTL_ENABLE_DEBUG_INFO = NO;
				MTL_FAST_MATH = YES;
				SDKROOT = macosx;
			};
			name = Release;
		};
		4A93B6D42F1DB815002C16ED /* Debug */ = {
			isa = XCBuildConfiguration;
			buildSettings = {
				CODE_SIGN_STYLE = Automatic;
				PRODUCT_NAME = "$(TARGET_NAME)";
			};
			name = Debug;
		};
		4A93B6D52F1DB815002C16ED /* Release */ = {
			isa = XCBuildConfiguration;
			buildSettings = {
				CODE_SIGN_STYLE = Automatic;
				PRODUCT_NAME = "$(TARGET_NAME)";
			};
			name = Release;
		};
/* End XCBuildConfiguration section */

/* Begin XCConfigurationList section */
		4A93B6C72F1DB815002C16ED /* Build configuration list for PBXProject "simplecommand" */ = {
			isa = XCConfigurationList;
			buildConfigurations = (
				4A93B6D12F1DB815002C16ED /* Debug */,
				4A93B6D22F1DB815002C16ED /* Release */,
			);
			defaultConfigurationIsVisible = 0;
			defaultConfigurationName = Release;
		};
		4A93B6D32F1DB815002C16ED /* Build configuration list for PBXNativeTarget "simplecommand" */ = {
			isa = XCConfigurationList;
			buildConfigurations = (
				4A93B6D42F1DB815002C16ED /* Debug */,
				4A93B6D52F1DB815002C16ED /* Release */,
			);
			defaultConfigurationIsVisible = 0;
			defaultConfigurationName = Release;
		};
/* End XCConfigurationList section */
	};
	rootObject = 4A93B6C42F1DB815002C16ED /* Project object */;
}
